
Microsoft Visual Studio Solution File, Format Version 12.00
# Visual Studio 14
VisualStudioVersion = 14.0.22823.1
MinimumVisualStudioVersion = 10.0.40219.1
Project("{FAE04EC0-301F-11D3-BF4B-00C04F79EFBC}") = "timer", "timer.csproj", "{A62217FD-B18B-4B4A-A959-5912BF3A44E8}"
EndProject
Project("{2150E333-8FDC-42A3-9474-1A3956D46DE8}") = "Solution Items", "Solution Items", "{176CFE1B-375F-4F98-B720-1A567CD4B036}"
	ProjectSection(SolutionItems) = preProject
		.gitattributes = .gitattributes
		.gitignore = .gitignore
		app.css = app.css
		app.exe = app.exe
		app.js = app.js
		app.js.map = app.js.map
		app.ts = app.ts
		index.html = index.html
		README.md = README.md
		web.config = web.config
		web.Debug.config = web.Debug.config
		web.Release.config = web.Release.config
	EndProjectSection
EndProject
Global
	GlobalSection(SolutionConfigurationPlatforms) = preSolution
		Debug|Any CPU = Debug|Any CPU
		Release|Any CPU = Release|Any CPU
	EndGlobalSection
	GlobalSection(ProjectConfigurationPlatforms) = postSolution
		{A62217FD-B18B-4B4A-A959-5912BF3A44E8}.Debug|Any CPU.ActiveCfg = Debug|Any CPU
		{A62217FD-B18B-4B4A-A959-5912BF3A44E8}.Debug|Any CPU.Build.0 = Debug|Any CPU
		{A62217FD-B18B-4B4A-A959-5912BF3A44E8}.Release|Any CPU.ActiveCfg = Release|Any CPU
		{A62217FD-B18B-4B4A-A959-5912BF3A44E8}.Release|Any CPU.Build.0 = Release|Any CPU
	EndGlobalSection
	GlobalSection(SolutionProperties) = preSolution
		HideSolutionNode = FALSE
	EndGlobalSection
EndGlobal
